// !$*UTF8*$!
{
	archiveVersion = 1;
	classes = {
	};
	objectVersion = 56;
	objects = {

/* Begin PBXBuildFile section */
		60D875982A0EC2880005C9F5 /* unofficial_mbta_appApp.swift in Sources */ = {isa = PBXBuildFile; fileRef = 60D875972A0EC2880005C9F5 /* unofficial_mbta_appApp.swift */; };
		60D8759A2A0EC2880005C9F5 /* ContentView.swift in Sources */ = {isa = PBXBuildFile; fileRef = 60D875992A0EC2880005C9F5 /* ContentView.swift */; };
		60D8759C2A0EC2890005C9F5 /* Assets.xcassets in Resources */ = {isa = PBXBuildFile; fileRef = 60D8759B2A0EC2890005C9F5 /* Assets.xcassets */; };
		60D875A02A0EC2890005C9F5 /* Preview Assets.xcassets in Resources */ = {isa = PBXBuildFile; fileRef = 60D8759F2A0EC2890005C9F5 /* Preview Assets.xcassets */; };
		60D875AA2A0EC2890005C9F5 /* unofficial_mbta_appTests.swift in Sources */ = {isa = PBXBuildFile; fileRef = 60D875A92A0EC2890005C9F5 /* unofficial_mbta_appTests.swift */; };
		60D875B42A0EC2890005C9F5 /* unofficial_mbta_appUITests.swift in Sources */ = {isa = PBXBuildFile; fileRef = 60D875B32A0EC2890005C9F5 /* unofficial_mbta_appUITests.swift */; };
		60D875B62A0EC2890005C9F5 /* unofficial_mbta_appUITestsLaunchTests.swift in Sources */ = {isa = PBXBuildFile; fileRef = 60D875B52A0EC2890005C9F5 /* unofficial_mbta_appUITestsLaunchTests.swift */; };
		60D875C32A0EC3810005C9F5 /* WebView.swift in Sources */ = {isa = PBXBuildFile; fileRef = 60D875C22A0EC3810005C9F5 /* WebView.swift */; };
		60D875C52A0EC4130005C9F5 /* PlatformViewRepresentable.swift in Sources */ = {isa = PBXBuildFile; fileRef = 60D875C42A0EC4130005C9F5 /* PlatformViewRepresentable.swift */; };
/* End PBXBuildFile section */

/* Begin PBXContainerItemProxy section */
		60D875A62A0EC2890005C9F5 /* PBXContainerItemProxy */ = {
			isa = PBXContainerItemProxy;
			containerPortal = 60D8758C2A0EC2880005C9F5 /* Project object */;
			proxyType = 1;
			remoteGlobalIDString = 60D875932A0EC2880005C9F5;
			remoteInfo = "unofficial-mbta-app";
		};
		60D875B02A0EC2890005C9F5 /* PBXContainerItemProxy */ = {
			isa = PBXContainerItemProxy;
			containerPortal = 60D8758C2A0EC2880005C9F5 /* Project object */;
			proxyType = 1;
			remoteGlobalIDString = 60D875932A0EC2880005C9F5;
			remoteInfo = "unofficial-mbta-app";
		};
/* End PBXContainerItemProxy section */

/* Begin PBXFileReference section */
		60D875942A0EC2880005C9F5 /* unofficial-mbta-app.app */ = {isa = PBXFileReference; explicitFileType = wrapper.application; includeInIndex = 0; path = "unofficial-mbta-app.app"; sourceTree = BUILT_PRODUCTS_DIR; };
		60D875972A0EC2880005C9F5 /* unofficial_mbta_appApp.swift */ = {isa = PBXFileReference; lastKnownFileType = sourcecode.swift; path = unofficial_mbta_appApp.swift; sourceTree = "<group>"; };
		60D875992A0EC2880005C9F5 /* ContentView.swift */ = {isa = PBXFileReference; lastKnownFileType = sourcecode.swift; path = ContentView.swift; sourceTree = "<group>"; };
		60D8759B2A0EC2890005C9F5 /* Assets.xcassets */ = {isa = PBXFileReference; lastKnownFileType = folder.assetcatalog; path = Assets.xcassets; sourceTree = "<group>"; };
		60D8759D2A0EC2890005C9F5 /* unofficial_mbta_app.entitlements */ = {isa = PBXFileReference; lastKnownFileType = text.plist.entitlements; path = unofficial_mbta_app.entitlements; sourceTree = "<group>"; };
		60D8759F2A0EC2890005C9F5 /* Preview Assets.xcassets */ = {isa = PBXFileReference; lastKnownFileType = folder.assetcatalog; path = "Preview Assets.xcassets"; sourceTree = "<group>"; };
		60D875A52A0EC2890005C9F5 /* unofficial-mbta-appTests.xctest */ = {isa = PBXFileReference; explicitFileType = wrapper.cfbundle; includeInIndex = 0; path = "unofficial-mbta-appTests.xctest"; sourceTree = BUILT_PRODUCTS_DIR; };
		60D875A92A0EC2890005C9F5 /* unofficial_mbta_appTests.swift */ = {isa = PBXFileReference; lastKnownFileType = sourcecode.swift; path = unofficial_mbta_appTests.swift; sourceTree = "<group>"; };
		60D875AF2A0EC2890005C9F5 /* unofficial-mbta-appUITests.xctest */ = {isa = PBXFileReference; explicitFileType = wrapper.cfbundle; includeInIndex = 0; path = "unofficial-mbta-appUITests.xctest"; sourceTree = BUILT_PRODUCTS_DIR; };
		60D875B32A0EC2890005C9F5 /* unofficial_mbta_appUITests.swift */ = {isa = PBXFileReference; lastKnownFileType = sourcecode.swift; path = unofficial_mbta_appUITests.swift; sourceTree = "<group>"; };
		60D875B52A0EC2890005C9F5 /* unofficial_mbta_appUITestsLaunchTests.swift */ = {isa = PBXFileReference; lastKnownFileType = sourcecode.swift; path = unofficial_mbta_appUITestsLaunchTests.swift; sourceTree = "<group>"; };
		60D875C22A0EC3810005C9F5 /* WebView.swift */ = {isa = PBXFileReference; fileEncoding = 4; lastKnownFileType = sourcecode.swift; path = WebView.swift; sourceTree = "<group>"; };
		60D875C42A0EC4130005C9F5 /* PlatformViewRepresentable.swift */ = {isa = PBXFileReference; lastKnownFileType = sourcecode.swift; path = PlatformViewRepresentable.swift; sourceTree = "<group>"; };
/* End PBXFileReference section */

/* Begin PBXFrameworksBuildPhase section */
		60D875912A0EC2880005C9F5 /* Frameworks */ = {
			isa = PBXFrameworksBuildPhase;
			buildActionMask = 2147483647;
			files = (
			);
			runOnlyForDeploymentPostprocessing = 0;
		};
		60D875A22A0EC2890005C9F5 /* Frameworks */ = {
			isa = PBXFrameworksBuildPhase;
			buildActionMask = 2147483647;
			files = (
			);
			runOnlyForDeploymentPostprocessing = 0;
		};
		60D875AC2A0EC2890005C9F5 /* Frameworks */ = {
			isa = PBXFrameworksBuildPhase;
			buildActionMask = 2147483647;
			files = (
			);
			runOnlyForDeploymentPostprocessing = 0;
		};
/* End PBXFrameworksBuildPhase section */

/* Begin PBXGroup section */
		60D8758B2A0EC2880005C9F5 = {
			isa = PBXGroup;
			children = (
				60D875962A0EC2880005C9F5 /* unofficial-mbta-app */,
				60D875A82A0EC2890005C9F5 /* unofficial-mbta-appTests */,
				60D875B22A0EC2890005C9F5 /* unofficial-mbta-appUITests */,
				60D875952A0EC2880005C9F5 /* Products */,
			);
			sourceTree = "<group>";
		};
		60D875952A0EC2880005C9F5 /* Products */ = {
			isa = PBXGroup;
			children = (
				60D875942A0EC2880005C9F5 /* unofficial-mbta-app.app */,
				60D875A52A0EC2890005C9F5 /* unofficial-mbta-appTests.xctest */,
				60D875AF2A0EC2890005C9F5 /* unofficial-mbta-appUITests.xctest */,
			);
			name = Products;
			sourceTree = "<group>";
		};
		60D875962A0EC2880005C9F5 /* unofficial-mbta-app */ = {
			isa = PBXGroup;
			children = (
				60D875C22A0EC3810005C9F5 /* WebView.swift */,
				60D875972A0EC2880005C9F5 /* unofficial_mbta_appApp.swift */,
				60D875992A0EC2880005C9F5 /* ContentView.swift */,
				60D8759B2A0EC2890005C9F5 /* Assets.xcassets */,
				60D8759D2A0EC2890005C9F5 /* unofficial_mbta_app.entitlements */,
				60D8759E2A0EC2890005C9F5 /* Preview Content */,
				60D875C42A0EC4130005C9F5 /* PlatformViewRepresentable.swift */,
			);
			path = "unofficial-mbta-app";
			sourceTree = "<group>";
		};
		60D8759E2A0EC2890005C9F5 /* Preview Content */ = {
			isa = PBXGroup;
			children = (
				60D8759F2A0EC2890005C9F5 /* Preview Assets.xcassets */,
			);
			path = "Preview Content";
			sourceTree = "<group>";
		};
		60D875A82A0EC2890005C9F5 /* unofficial-mbta-appTests */ = {
			isa = PBXGroup;
			children = (
				60D875A92A0EC2890005C9F5 /* unofficial_mbta_appTests.swift */,
			);
			path = "unofficial-mbta-appTests";
			sourceTree = "<group>";
		};
		60D875B22A0EC2890005C9F5 /* unofficial-mbta-appUITests */ = {
			isa = PBXGroup;
			children = (
				60D875B32A0EC2890005C9F5 /* unofficial_mbta_appUITests.swift */,
				60D875B52A0EC2890005C9F5 /* unofficial_mbta_appUITestsLaunchTests.swift */,
			);
			path = "unofficial-mbta-appUITests";
			sourceTree = "<group>";
		};
/* End PBXGroup section */

/* Begin PBXNativeTarget section */
		60D875932A0EC2880005C9F5 /* unofficial-mbta-app */ = {
			isa = PBXNativeTarget;
			buildConfigurationList = 60D875B92A0EC2890005C9F5 /* Build configuration list for PBXNativeTarget "unofficial-mbta-app" */;
			buildPhases = (
				60D875902A0EC2880005C9F5 /* Sources */,
				60D875912A0EC2880005C9F5 /* Frameworks */,
				60D875922A0EC2880005C9F5 /* Resources */,
			);
			buildRules = (
			);
			dependencies = (
			);
			name = "unofficial-mbta-app";
			productName = "unofficial-mbta-app";
			productReference = 60D875942A0EC2880005C9F5 /* unofficial-mbta-app.app */;
			productType = "com.apple.product-type.application";
		};
		60D875A42A0EC2890005C9F5 /* unofficial-mbta-appTests */ = {
			isa = PBXNativeTarget;
			buildConfigurationList = 60D875BC2A0EC2890005C9F5 /* Build configuration list for PBXNativeTarget "unofficial-mbta-appTests" */;
			buildPhases = (
				60D875A12A0EC2890005C9F5 /* Sources */,
				60D875A22A0EC2890005C9F5 /* Frameworks */,
				60D875A32A0EC2890005C9F5 /* Resources */,
			);
			buildRules = (
			);
			dependencies = (
				60D875A72A0EC2890005C9F5 /* PBXTargetDependency */,
			);
			name = "unofficial-mbta-appTests";
			productName = "unofficial-mbta-appTests";
			productReference = 60D875A52A0EC2890005C9F5 /* unofficial-mbta-appTests.xctest */;
			productType = "com.apple.product-type.bundle.unit-test";
		};
		60D875AE2A0EC2890005C9F5 /* unofficial-mbta-appUITests */ = {
			isa = PBXNativeTarget;
			buildConfigurationList = 60D875BF2A0EC2890005C9F5 /* Build configuration list for PBXNativeTarget "unofficial-mbta-appUITests" */;
			buildPhases = (
				60D875AB2A0EC2890005C9F5 /* Sources */,
				60D875AC2A0EC2890005C9F5 /* Frameworks */,
				60D875AD2A0EC2890005C9F5 /* Resources */,
			);
			buildRules = (
			);
			dependencies = (
				60D875B12A0EC2890005C9F5 /* PBXTargetDependency */,
			);
			name = "unofficial-mbta-appUITests";
			productName = "unofficial-mbta-appUITests";
			productReference = 60D875AF2A0EC2890005C9F5 /* unofficial-mbta-appUITests.xctest */;
			productType = "com.apple.product-type.bundle.ui-testing";
		};
/* End PBXNativeTarget section */

/* Begin PBXProject section */
		60D8758C2A0EC2880005C9F5 /* Project object */ = {
			isa = PBXProject;
			attributes = {
				BuildIndependentTargetsInParallel = 1;
				LastSwiftUpdateCheck = 1430;
				LastUpgradeCheck = 1430;
				TargetAttributes = {
					60D875932A0EC2880005C9F5 = {
						CreatedOnToolsVersion = 14.3;
					};
					60D875A42A0EC2890005C9F5 = {
						CreatedOnToolsVersion = 14.3;
						TestTargetID = 60D875932A0EC2880005C9F5;
					};
					60D875AE2A0EC2890005C9F5 = {
						CreatedOnToolsVersion = 14.3;
						TestTargetID = 60D875932A0EC2880005C9F5;
					};
				};
			};
			buildConfigurationList = 60D8758F2A0EC2880005C9F5 /* Build configuration list for PBXProject "unofficial-mbta-app" */;
			compatibilityVersion = "Xcode 14.0";
			developmentRegion = en;
			hasScannedForEncodings = 0;
			knownRegions = (
				en,
				Base,
			);
			mainGroup = 60D8758B2A0EC2880005C9F5;
			productRefGroup = 60D875952A0EC2880005C9F5 /* Products */;
			projectDirPath = "";
			projectRoot = "";
			targets = (
				60D875932A0EC2880005C9F5 /* unofficial-mbta-app */,
				60D875A42A0EC2890005C9F5 /* unofficial-mbta-appTests */,
				60D875AE2A0EC2890005C9F5 /* unofficial-mbta-appUITests */,
			);
		};
/* End PBXProject section */

/* Begin PBXResourcesBuildPhase section */
		60D875922A0EC2880005C9F5 /* Resources */ = {
			isa = PBXResourcesBuildPhase;
			buildActionMask = 2147483647;
			files = (
				60D875A02A0EC2890005C9F5 /* Preview Assets.xcassets in Resources */,
				60D8759C2A0EC2890005C9F5 /* Assets.xcassets in Resources */,
			);
			runOnlyForDeploymentPostprocessing = 0;
		};
		60D875A32A0EC2890005C9F5 /* Resources */ = {
			isa = PBXResourcesBuildPhase;
			buildActionMask = 2147483647;
			files = (
			);
			runOnlyForDeploymentPostprocessing = 0;
		};
		60D875AD2A0EC2890005C9F5 /* Resources */ = {
			isa = PBXResourcesBuildPhase;
			buildActionMask = 2147483647;
			files = (
			);
			runOnlyForDeploymentPostprocessing = 0;
		};
/* End PBXResourcesBuildPhase section */

/* Begin PBXSourcesBuildPhase section */
		60D875902A0EC2880005C9F5 /* Sources */ = {
			isa = PBXSourcesBuildPhase;
			buildActionMask = 2147483647;
			files = (
				60D875C32A0EC3810005C9F5 /* WebView.swift in Sources */,
				60D8759A2A0EC2880005C9F5 /* ContentView.swift in Sources */,
				60D875C52A0EC4130005C9F5 /* PlatformViewRepresentable.swift in Sources */,
				60D875982A0EC2880005C9F5 /* unofficial_mbta_appApp.swift in Sources */,
			);
			runOnlyForDeploymentPostprocessing = 0;
		};
		60D875A12A0EC2890005C9F5 /* Sources */ = {
			isa = PBXSourcesBuildPhase;
			buildActionMask = 2147483647;
			files = (
				60D875AA2A0EC2890005C9F5 /* unofficial_mbta_appTests.swift in Sources */,
			);
			runOnlyForDeploymentPostprocessing = 0;
		};
		60D875AB2A0EC2890005C9F5 /* Sources */ = {
			isa = PBXSourcesBuildPhase;
			buildActionMask = 2147483647;
			files = (
				60D875B62A0EC2890005C9F5 /* unofficial_mbta_appUITestsLaunchTests.swift in Sources */,
				60D875B42A0EC2890005C9F5 /* unofficial_mbta_appUITests.swift in Sources */,
			);
			runOnlyForDeploymentPostprocessing = 0;
		};
/* End PBXSourcesBuildPhase section */

/* Begin PBXTargetDependency section */
		60D875A72A0EC2890005C9F5 /* PBXTargetDependency */ = {
			isa = PBXTargetDependency;
			target = 60D875932A0EC2880005C9F5 /* unofficial-mbta-app */;
			targetProxy = 60D875A62A0EC2890005C9F5 /* PBXContainerItemProxy */;
		};
		60D875B12A0EC2890005C9F5 /* PBXTargetDependency */ = {
			isa = PBXTargetDependency;
			target = 60D875932A0EC2880005C9F5 /* unofficial-mbta-app */;
			targetProxy = 60D875B02A0EC2890005C9F5 /* PBXContainerItemProxy */;
		};
/* End PBXTargetDependency section */

/* Begin XCBuildConfiguration section */
		60D875B72A0EC2890005C9F5 /* Debug */ = {
			isa = XCBuildConfiguration;
			buildSettings = {
				ALWAYS_SEARCH_USER_PATHS = NO;
				CLANG_ANALYZER_NONNULL = YES;
				CLANG_ANALYZER_NUMBER_OBJECT_CONVERSION = YES_AGGRESSIVE;
				CLANG_CXX_LANGUAGE_STANDARD = "gnu++20";
				CLANG_ENABLE_MODULES = YES;
				CLANG_ENABLE_OBJC_ARC = YES;
				CLANG_ENABLE_OBJC_WEAK = YES;
				CLANG_WARN_BLOCK_CAPTURE_AUTORELEASING = YES;
				CLANG_WARN_BOOL_CONVERSION = YES;
				CLANG_WARN_COMMA = YES;
				CLANG_WARN_CONSTANT_CONVERSION = YES;
				CLANG_WARN_DEPRECATED_OBJC_IMPLEMENTATIONS = YES;
				CLANG_WARN_DIRECT_OBJC_ISA_USAGE = YES_ERROR;
				CLANG_WARN_DOCUMENTATION_COMMENTS = YES;
				CLANG_WARN_EMPTY_BODY = YES;
				CLANG_WARN_ENUM_CONVERSION = YES;
				CLANG_WARN_INFINITE_RECURSION = YES;
				CLANG_WARN_INT_CONVERSION = YES;
				CLANG_WARN_NON_LITERAL_NULL_CONVERSION = YES;
				CLANG_WARN_OBJC_IMPLICIT_RETAIN_SELF = YES;
				CLANG_WARN_OBJC_LITERAL_CONVERSION = YES;
				CLANG_WARN_OBJC_ROOT_CLASS = YES_ERROR;
				CLANG_WARN_QUOTED_INCLUDE_IN_FRAMEWORK_HEADER = YES;
				CLANG_WARN_RANGE_LOOP_ANALYSIS = YES;
				CLANG_WARN_STRICT_PROTOTYPES = YES;
				CLANG_WARN_SUSPICIOUS_MOVE = YES;
				CLANG_WARN_UNGUARDED_AVAILABILITY = YES_AGGRESSIVE;
				CLANG_WARN_UNREACHABLE_CODE = YES;
				CLANG_WARN__DUPLICATE_METHOD_MATCH = YES;
				COPY_PHASE_STRIP = NO;
				DEBUG_INFORMATION_FORMAT = dwarf;
				ENABLE_STRICT_OBJC_MSGSEND = YES;
				ENABLE_TESTABILITY = YES;
				GCC_C_LANGUAGE_STANDARD = gnu11;
				GCC_DYNAMIC_NO_PIC = NO;
				GCC_NO_COMMON_BLOCKS = YES;
				GCC_OPTIMIZATION_LEVEL = 0;
				GCC_PREPROCESSOR_DEFINITIONS = (
					"DEBUG=1",
					"$(inherited)",
				);
				GCC_WARN_64_TO_32_BIT_CONVERSION = YES;
				GCC_WARN_ABOUT_RETURN_TYPE = YES_ERROR;
				GCC_WARN_UNDECLARED_SELECTOR = YES;
				GCC_WARN_UNINITIALIZED_AUTOS = YES_AGGRESSIVE;
				GCC_WARN_UNUSED_FUNCTION = YES;
				GCC_WARN_UNUSED_VARIABLE = YES;
				MTL_ENABLE_DEBUG_INFO = INCLUDE_SOURCE;
				MTL_FAST_MATH = YES;
				ONLY_ACTIVE_ARCH = YES;
				SWIFT_ACTIVE_COMPILATION_CONDITIONS = DEBUG;
				SWIFT_OPTIMIZATION_LEVEL = "-Onone";
			};
			name = Debug;
		};
		60D875B82A0EC2890005C9F5 /* Release */ = {
			isa = XCBuildConfiguration;
			buildSettings = {
				ALWAYS_SEARCH_USER_PATHS = NO;
				CLANG_ANALYZER_NONNULL = YES;
				CLANG_ANALYZER_NUMBER_OBJECT_CONVERSION = YES_AGGRESSIVE;
				CLANG_CXX_LANGUAGE_STANDARD = "gnu++20";
				CLANG_ENABLE_MODULES = YES;
				CLANG_ENABLE_OBJC_ARC = YES;
				CLANG_ENABLE_OBJC_WEAK = YES;
				CLANG_WARN_BLOCK_CAPTURE_AUTORELEASING = YES;
				CLANG_WARN_BOOL_CONVERSION = YES;
				CLANG_WARN_COMMA = YES;
				CLANG_WARN_CONSTANT_CONVERSION = YES;
				CLANG_WARN_DEPRECATED_OBJC_IMPLEMENTATIONS = YES;
				CLANG_WARN_DIRECT_OBJC_ISA_USAGE = YES_ERROR;
				CLANG_WARN_DOCUMENTATION_COMMENTS = YES;
				CLANG_WARN_EMPTY_BODY = YES;
				CLANG_WARN_ENUM_CONVERSION = YES;
				CLANG_WARN_INFINITE_RECURSION = YES;
				CLANG_WARN_INT_CONVERSION = YES;
				CLANG_WARN_NON_LITERAL_NULL_CONVERSION = YES;
				CLANG_WARN_OBJC_IMPLICIT_RETAIN_SELF = YES;
				CLANG_WARN_OBJC_LITERAL_CONVERSION = YES;
				CLANG_WARN_OBJC_ROOT_CLASS = YES_ERROR;
				CLANG_WARN_QUOTED_INCLUDE_IN_FRAMEWORK_HEADER = YES;
				CLANG_WARN_RANGE_LOOP_ANALYSIS = YES;
				CLANG_WARN_STRICT_PROTOTYPES = YES;
				CLANG_WARN_SUSPICIOUS_MOVE = YES;
				CLANG_WARN_UNGUARDED_AVAILABILITY = YES_AGGRESSIVE;
				CLANG_WARN_UNREACHABLE_CODE = YES;
				CLANG_WARN__DUPLICATE_METHOD_MATCH = YES;
				COPY_PHASE_STRIP = NO;
				DEBUG_INFORMATION_FORMAT = "dwarf-with-dsym";
				ENABLE_NS_ASSERTIONS = NO;
				ENABLE_STRICT_OBJC_MSGSEND = YES;
				GCC_C_LANGUAGE_STANDARD = gnu11;
				GCC_NO_COMMON_BLOCKS = YES;
				GCC_WARN_64_TO_32_BIT_CONVERSION = YES;
				GCC_WARN_ABOUT_RETURN_TYPE = YES_ERROR;
				GCC_WARN_UNDECLARED_SELECTOR = YES;
				GCC_WARN_UNINITIALIZED_AUTOS = YES_AGGRESSIVE;
				GCC_WARN_UNUSED_FUNCTION = YES;
				GCC_WARN_UNUSED_VARIABLE = YES;
				MTL_ENABLE_DEBUG_INFO = NO;
				MTL_FAST_MATH = YES;
				SWIFT_COMPILATION_MODE = wholemodule;
				SWIFT_OPTIMIZATION_LEVEL = "-O";
			};
			name = Release;
		};
		60D875BA2A0EC2890005C9F5 /* Debug */ = {
			isa = XCBuildConfiguration;
			buildSettings = {
				ASSETCATALOG_COMPILER_APPICON_NAME = AppIcon;
				ASSETCATALOG_COMPILER_GLOBAL_ACCENT_COLOR_NAME = AccentColor;
				CODE_SIGN_ENTITLEMENTS = "unofficial-mbta-app/unofficial_mbta_app.entitlements";
				CODE_SIGN_STYLE = Automatic;
				CURRENT_PROJECT_VERSION = 1;
				DEVELOPMENT_ASSET_PATHS = "\"unofficial-mbta-app/Preview Content\"";
				DEVELOPMENT_TEAM = SF4R68R2H7;
				ENABLE_HARDENED_RUNTIME = YES;
				ENABLE_PREVIEWS = YES;
				GENERATE_INFOPLIST_FILE = YES;
				"INFOPLIST_KEY_UIApplicationSceneManifest_Generation[sdk=iphoneos*]" = YES;
				"INFOPLIST_KEY_UIApplicationSceneManifest_Generation[sdk=iphonesimulator*]" = YES;
				"INFOPLIST_KEY_UIApplicationSupportsIndirectInputEvents[sdk=iphoneos*]" = YES;
				"INFOPLIST_KEY_UIApplicationSupportsIndirectInputEvents[sdk=iphonesimulator*]" = YES;
				"INFOPLIST_KEY_UILaunchScreen_Generation[sdk=iphoneos*]" = YES;
				"INFOPLIST_KEY_UILaunchScreen_Generation[sdk=iphonesimulator*]" = YES;
				"INFOPLIST_KEY_UIStatusBarStyle[sdk=iphoneos*]" = UIStatusBarStyleDefault;
				"INFOPLIST_KEY_UIStatusBarStyle[sdk=iphonesimulator*]" = UIStatusBarStyleDefault;
				INFOPLIST_KEY_UISupportedInterfaceOrientations_iPad = "UIInterfaceOrientationPortrait UIInterfaceOrientationPortraitUpsideDown UIInterfaceOrientationLandscapeLeft UIInterfaceOrientationLandscapeRight";
				INFOPLIST_KEY_UISupportedInterfaceOrientations_iPhone = "UIInterfaceOrientationPortrait UIInterfaceOrientationLandscapeLeft UIInterfaceOrientationLandscapeRight";
				IPHONEOS_DEPLOYMENT_TARGET = 16.4;
				LD_RUNPATH_SEARCH_PATHS = "@executable_path/Frameworks";
				"LD_RUNPATH_SEARCH_PATHS[sdk=macosx*]" = "@executable_path/../Frameworks";
				MACOSX_DEPLOYMENT_TARGET = 13.3;
				MARKETING_VERSION = 1.0;
				PRODUCT_BUNDLE_IDENTIFIER = "io.github.bklebe.unofficial-mbta-app";
				PRODUCT_NAME = "$(TARGET_NAME)";
				SDKROOT = auto;
				SUPPORTED_PLATFORMS = "iphoneos iphonesimulator macosx";
				SUPPORTS_MACCATALYST = NO;
				SUPPORTS_MAC_DESIGNED_FOR_IPHONE_IPAD = NO;
				SWIFT_EMIT_LOC_STRINGS = YES;
				SWIFT_VERSION = 5.0;
				TARGETED_DEVICE_FAMILY = "1,2";
			};
			name = Debug;
		};
		60D875BB2A0EC2890005C9F5 /* Release */ = {
			isa = XCBuildConfiguration;
			buildSettings = {
				ASSETCATALOG_COMPILER_APPICON_NAME = AppIcon;
				ASSETCATALOG_COMPILER_GLOBAL_ACCENT_COLOR_NAME = AccentColor;
				CODE_SIGN_ENTITLEMENTS = "unofficial-mbta-app/unofficial_mbta_app.entitlements";
				CODE_SIGN_STYLE = Automatic;
				CURRENT_PROJECT_VERSION = 1;
				DEVELOPMENT_ASSET_PATHS = "\"unofficial-mbta-app/Preview Content\"";
				DEVELOPMENT_TEAM = SF4R68R2H7;
				ENABLE_HARDENED_RUNTIME = YES;
				ENABLE_PREVIEWS = YES;
				GENERATE_INFOPLIST_FILE = YES;
				"INFOPLIST_KEY_UIApplicationSceneManifest_Generation[sdk=iphoneos*]" = YES;
				"INFOPLIST_KEY_UIApplicationSceneManifest_Generation[sdk=iphonesimulator*]" = YES;
				"INFOPLIST_KEY_UIApplicationSupportsIndirectInputEvents[sdk=iphoneos*]" = YES;
				"INFOPLIST_KEY_UIApplicationSupportsIndirectInputEvents[sdk=iphonesimulator*]" = YES;
				"INFOPLIST_KEY_UILaunchScreen_Generation[sdk=iphoneos*]" = YES;
				"INFOPLIST_KEY_UILaunchScreen_Generation[sdk=iphonesimulator*]" = YES;
				"INFOPLIST_KEY_UIStatusBarStyle[sdk=iphoneos*]" = UIStatusBarStyleDefault;
				"INFOPLIST_KEY_UIStatusBarStyle[sdk=iphonesimulator*]" = UIStatusBarStyleDefault;
				INFOPLIST_KEY_UISupportedInterfaceOrientations_iPad = "UIInterfaceOrientationPortrait UIInterfaceOrientationPortraitUpsideDown UIInterfaceOrientationLandscapeLeft UIInterfaceOrientationLandscapeRight";
				INFOPLIST_KEY_UISupportedInterfaceOrientations_iPhone = "UIInterfaceOrientationPortrait UIInterfaceOrientationLandscapeLeft UIInterfaceOrientationLandscapeRight";
				IPHONEOS_DEPLOYMENT_TARGET = 16.4;
				LD_RUNPATH_SEARCH_PATHS = "@executable_path/Frameworks";
				"LD_RUNPATH_SEARCH_PATHS[sdk=macosx*]" = "@executable_path/../Frameworks";
				MACOSX_DEPLOYMENT_TARGET = 13.3;
				MARKETING_VERSION = 1.0;
				PRODUCT_BUNDLE_IDENTIFIER = "io.github.bklebe.unofficial-mbta-app";
				PRODUCT_NAME = "$(TARGET_NAME)";
				SDKROOT = auto;
				SUPPORTED_PLATFORMS = "iphoneos iphonesimulator macosx";
				SUPPORTS_MACCATALYST = NO;
				SUPPORTS_MAC_DESIGNED_FOR_IPHONE_IPAD = NO;
				SWIFT_EMIT_LOC_STRINGS = YES;
				SWIFT_VERSION = 5.0;
				TARGETED_DEVICE_FAMILY = "1,2";
			};
			name = Release;
		};
		60D875BD2A0EC2890005C9F5 /* Debug */ = {
			isa = XCBuildConfiguration;
			buildSettings = {
				ALWAYS_EMBED_SWIFT_STANDARD_LIBRARIES = YES;
				BUNDLE_LOADER = "$(TEST_HOST)";
				CODE_SIGN_STYLE = Automatic;
				CURRENT_PROJECT_VERSION = 1;
				DEVELOPMENT_TEAM = SF4R68R2H7;
				GENERATE_INFOPLIST_FILE = YES;
				IPHONEOS_DEPLOYMENT_TARGET = 16.4;
				MACOSX_DEPLOYMENT_TARGET = 13.3;
				MARKETING_VERSION = 1.0;
				PRODUCT_BUNDLE_IDENTIFIER = "io.github.bklebe.unofficial-mbta-appTests";
				PRODUCT_NAME = "$(TARGET_NAME)";
				SDKROOT = auto;
				SUPPORTED_PLATFORMS = "iphoneos iphonesimulator macosx";
				SWIFT_EMIT_LOC_STRINGS = NO;
				SWIFT_VERSION = 5.0;
				TARGETED_DEVICE_FAMILY = "1,2";
				TEST_HOST = "$(BUILT_PRODUCTS_DIR)/unofficial-mbta-app.app/$(BUNDLE_EXECUTABLE_FOLDER_PATH)/unofficial-mbta-app";
			};
			name = Debug;
		};
		60D875BE2A0EC2890005C9F5 /* Release */ = {
			isa = XCBuildConfiguration;
			buildSettings = {
				ALWAYS_EMBED_SWIFT_STANDARD_LIBRARIES = YES;
				BUNDLE_LOADER = "$(TEST_HOST)";
				CODE_SIGN_STYLE = Automatic;
				CURRENT_PROJECT_VERSION = 1;
				DEVELOPMENT_TEAM = SF4R68R2H7;
				GENERATE_INFOPLIST_FILE = YES;
				IPHONEOS_DEPLOYMENT_TARGET = 16.4;
				MACOSX_DEPLOYMENT_TARGET = 13.3;
				MARKETING_VERSION = 1.0;
				PRODUCT_BUNDLE_IDENTIFIER = "io.github.bklebe.unofficial-mbta-appTests";
				PRODUCT_NAME = "$(TARGET_NAME)";
				SDKROOT = auto;
				SUPPORTED_PLATFORMS = "iphoneos iphonesimulator macosx";
				SWIFT_EMIT_LOC_STRINGS = NO;
				SWIFT_VERSION = 5.0;
				TARGETED_DEVICE_FAMILY = "1,2";
				TEST_HOST = "$(BUILT_PRODUCTS_DIR)/unofficial-mbta-app.app/$(BUNDLE_EXECUTABLE_FOLDER_PATH)/unofficial-mbta-app";
			};
			name = Release;
		};
		60D875C02A0EC2890005C9F5 /* Debug */ = {
			isa = XCBuildConfiguration;
			buildSettings = {
				ALWAYS_EMBED_SWIFT_STANDARD_LIBRARIES = YES;
				CODE_SIGN_STYLE = Automatic;
				CURRENT_PROJECT_VERSION = 1;
				DEVELOPMENT_TEAM = SF4R68R2H7;
				GENERATE_INFOPLIST_FILE = YES;
				IPHONEOS_DEPLOYMENT_TARGET = 16.4;
				MACOSX_DEPLOYMENT_TARGET = 13.3;
				MARKETING_VERSION = 1.0;
				PRODUCT_BUNDLE_IDENTIFIER = "io.github.bklebe.unofficial-mbta-appUITests";
				PRODUCT_NAME = "$(TARGET_NAME)";
				SDKROOT = auto;
				SUPPORTED_PLATFORMS = "iphoneos iphonesimulator macosx";
				SWIFT_EMIT_LOC_STRINGS = NO;
				SWIFT_VERSION = 5.0;
				TARGETED_DEVICE_FAMILY = "1,2";
				TEST_TARGET_NAME = "unofficial-mbta-app";
			};
			name = Debug;
		};
		60D875C12A0EC2890005C9F5 /* Release */ = {
			isa = XCBuildConfiguration;
			buildSettings = {
				ALWAYS_EMBED_SWIFT_STANDARD_LIBRARIES = YES;
				CODE_SIGN_STYLE = Automatic;
				CURRENT_PROJECT_VERSION = 1;
				DEVELOPMENT_TEAM = SF4R68R2H7;
				GENERATE_INFOPLIST_FILE = YES;
				IPHONEOS_DEPLOYMENT_TARGET = 16.4;
				MACOSX_DEPLOYMENT_TARGET = 13.3;
				MARKETING_VERSION = 1.0;
				PRODUCT_BUNDLE_IDENTIFIER = "io.github.bklebe.unofficial-mbta-appUITests";
				PRODUCT_NAME = "$(TARGET_NAME)";
				SDKROOT = auto;
				SUPPORTED_PLATFORMS = "iphoneos iphonesimulator macosx";
				SWIFT_EMIT_LOC_STRINGS = NO;
				SWIFT_VERSION = 5.0;
				TARGETED_DEVICE_FAMILY = "1,2";
				TEST_TARGET_NAME = "unofficial-mbta-app";
			};
			name = Release;
		};
/* End XCBuildConfiguration section */

/* Begin XCConfigurationList section */
		60D8758F2A0EC2880005C9F5 /* Build configuration list for PBXProject "unofficial-mbta-app" */ = {
			isa = XCConfigurationList;
			buildConfigurations = (
				60D875B72A0EC2890005C9F5 /* Debug */,
				60D875B82A0EC2890005C9F5 /* Release */,
			);
			defaultConfigurationIsVisible = 0;
			defaultConfigurationName = Release;
		};
		60D875B92A0EC2890005C9F5 /* Build configuration list for PBXNativeTarget "unofficial-mbta-app" */ = {
			isa = XCConfigurationList;
			buildConfigurations = (
				60D875BA2A0EC2890005C9F5 /* Debug */,
				60D875BB2A0EC2890005C9F5 /* Release */,
			);
			defaultConfigurationIsVisible = 0;
			defaultConfigurationName = Release;
		};
		60D875BC2A0EC2890005C9F5 /* Build configuration list for PBXNativeTarget "unofficial-mbta-appTests" */ = {
			isa = XCConfigurationList;
			buildConfigurations = (
				60D875BD2A0EC2890005C9F5 /* Debug */,
				60D875BE2A0EC2890005C9F5 /* Release */,
			);
			defaultConfigurationIsVisible = 0;
			defaultConfigurationName = Release;
		};
		60D875BF2A0EC2890005C9F5 /* Build configuration list for PBXNativeTarget "unofficial-mbta-appUITests" */ = {
			isa = XCConfigurationList;
			buildConfigurations = (
				60D875C02A0EC2890005C9F5 /* Debug */,
				60D875C12A0EC2890005C9F5 /* Release */,
			);
			defaultConfigurationIsVisible = 0;
			defaultConfigurationName = Release;
		};
/* End XCConfigurationList section */
	};
	rootObject = 60D8758C2A0EC2880005C9F5 /* Project object */;
}
