<?xml version="1.0" encoding="UTF-8"?>
<Scheme
   version = "1.3">
   <BuildAction>
      <BuildActionEntries>
         <BuildActionEntry
            buildForRunning = "YES">
            <BuildableReference
               BuildableIdentifier = "primary"
               BlueprintIdentifier = "60D875932A0EC2880005C9F5"
               BuildableName = "unofficial-mbta-app"
               BlueprintName = "unofficial-mbta-app"
               ReferencedContainer = "container:unofficial-mbta-app.xcodeproj">
            </BuildableReference>
         </BuildActionEntry>
      </BuildActionEntries>
   </BuildAction>
   <LaunchAction
      useCustomWorkingDirectory = "NO"
      buildConfiguration = "Debug"
      allowLocationSimulation = "YES">
      <BuildableProductRunnable>
         <BuildableReference
            BuildableIdentifier = "primary"
            BlueprintIdentifier = "60D875932A0EC2880005C9F5"
            BuildableName = "unofficial-mbta-app"
            BlueprintName = "unofficial-mbta-app"
            ReferencedContainer = "container:unofficial-mbta-app.xcodeproj">
         </BuildableReference>
      </BuildableProductRunnable>
   </LaunchAction>
</Scheme>
